// !$*UTF8*$!
{
	archiveVersion = 1;
	classes = {
	};
	objectVersion = 46;
	objects = {

/* Begin PBXBuildFile section */
		8194B852194EDFC3005FDE51 /* Foundation.framework in Frameworks */ = {isa = PBXBuildFile; fileRef = 8194B851194EDFC3005FDE51 /* Foundation.framework */; };
		8194B854194EDFC3005FDE51 /* CoreGraphics.framework in Frameworks */ = {isa = PBXBuildFile; fileRef = 8194B853194EDFC3005FDE51 /* CoreGraphics.framework */; };
		8194B856194EDFC3005FDE51 /* UIKit.framework in Frameworks */ = {isa = PBXBuildFile; fileRef = 8194B855194EDFC3005FDE51 /* UIKit.framework */; };
		8194B85C194EDFC3005FDE51 /* InfoPlist.strings in Resources */ = {isa = PBXBuildFile; fileRef = 8194B85A194EDFC3005FDE51 /* InfoPlist.strings */; };
		8194B85E194EDFC3005FDE51 /* main.m in Sources */ = {isa = PBXBuildFile; fileRef = 8194B85D194EDFC3005FDE51 /* main.m */; };
		8194B862194EDFC3005FDE51 /* LCAppDelegate.m in Sources */ = {isa = PBXBuildFile; fileRef = 8194B861194EDFC3005FDE51 /* LCAppDelegate.m */; };
		8194B865194EDFC3005FDE51 /* Main.storyboard in Resources */ = {isa = PBXBuildFile; fileRef = 8194B863194EDFC3005FDE51 /* Main.storyboard */; };
		8194B86A194EDFC3005FDE51 /* Images.xcassets in Resources */ = {isa = PBXBuildFile; fileRef = 8194B869194EDFC3005FDE51 /* Images.xcassets */; };
		8194B871194EDFC3005FDE51 /* XCTest.framework in Frameworks */ = {isa = PBXBuildFile; fileRef = 8194B870194EDFC3005FDE51 /* XCTest.framework */; };
		8194B872194EDFC3005FDE51 /* Foundation.framework in Frameworks */ = {isa = PBXBuildFile; fileRef = 8194B851194EDFC3005FDE51 /* Foundation.framework */; };
		8194B873194EDFC3005FDE51 /* UIKit.framework in Frameworks */ = {isa = PBXBuildFile; fileRef = 8194B855194EDFC3005FDE51 /* UIKit.framework */; };
		8194B87B194EDFC3005FDE51 /* InfoPlist.strings in Resources */ = {isa = PBXBuildFile; fileRef = 8194B879194EDFC3005FDE51 /* InfoPlist.strings */; };
		8194B87D194EDFC3005FDE51 /* UITableViewController_Challenge_SolutionTests.m in Sources */ = {isa = PBXBuildFile; fileRef = 8194B87C194EDFC3005FDE51 /* UITableViewController_Challenge_SolutionTests.m */; };
		8194B888194EE7BF005FDE51 /* LCChallengeTableViewController.m in Sources */ = {isa = PBXBuildFile; fileRef = 8194B887194EE7BF005FDE51 /* LCChallengeTableViewController.m */; };
/* End PBXBuildFile section */

/* Begin PBXContainerItemProxy section */
		8194B874194EDFC3005FDE51 /* PBXContainerItemProxy */ = {
			isa = PBXContainerItemProxy;
			containerPortal = 8194B846194EDFC3005FDE51 /* Project object */;
			proxyType = 1;
			remoteGlobalIDString = 8194B84D194EDFC3005FDE51;
			remoteInfo = "UITableViewController Challenge Solution";
		};
/* End PBXContainerItemProxy section */

/* Begin PBXFileReference section */
		8194B84E194EDFC3005FDE51 /* UITableViewController Challenge Solution.app */ = {isa = PBXFileReference; explicitFileType = wrapper.application; includeInIndex = 0; path = "UITableViewController Challenge Solution.app"; sourceTree = BUILT_PRODUCTS_DIR; };
		8194B851194EDFC3005FDE51 /* Foundation.framework */ = {isa = PBXFileReference; lastKnownFileType = wrapper.framework; name = Foundation.framework; path = System/Library/Frameworks/Foundation.framework; sourceTree = SDKROOT; };
		8194B853194EDFC3005FDE51 /* CoreGraphics.framework */ = {isa = PBXFileReference; lastKnownFileType = wrapper.framework; name = CoreGraphics.framework; path = System/Library/Frameworks/CoreGraphics.framework; sourceTree = SDKROOT; };
		8194B855194EDFC3005FDE51 /* UIKit.framework */ = {isa = PBXFileReference; lastKnownFileType = wrapper.framework; name = UIKit.framework; path = System/Library/Frameworks/UIKit.framework; sourceTree = SDKROOT; };
		8194B859194EDFC3005FDE51 /* UITableViewController Challenge Solution-Info.plist */ = {isa = PBXFileReference; lastKnownFileType = text.plist.xml; path = "UITableViewController Challenge Solution-Info.plist"; sourceTree = "<group>"; };
		8194B85B194EDFC3005FDE51 /* en */ = {isa = PBXFileReference; lastKnownFileType = text.plist.strings; name = en; path = en.lproj/InfoPlist.strings; sourceTree = "<group>"; };
		8194B85D194EDFC3005FDE51 /* main.m */ = {isa = PBXFileReference; lastKnownFileType = sourcecode.c.objc; path = main.m; sourceTree = "<group>"; };
		8194B85F194EDFC3005FDE51 /* UITableViewController Challenge Solution-Prefix.pch */ = {isa = PBXFileReference; lastKnownFileType = sourcecode.c.h; path = "UITableViewController Challenge Solution-Prefix.pch"; sourceTree = "<group>"; };
		8194B860194EDFC3005FDE51 /* LCAppDelegate.h */ = {isa = PBXFileReference; lastKnownFileType = sourcecode.c.h; path = LCAppDelegate.h; sourceTree = "<group>"; };
		8194B861194EDFC3005FDE51 /* LCAppDelegate.m */ = {isa = PBXFileReference; lastKnownFileType = sourcecode.c.objc; path = LCAppDelegate.m; sourceTree = "<group>"; };
		8194B864194EDFC3005FDE51 /* Base */ = {isa = PBXFileReference; lastKnownFileType = file.storyboard; name = Base; path = Base.lproj/Main.storyboard; sourceTree = "<group>"; };
		8194B869194EDFC3005FDE51 /* Images.xcassets */ = {isa = PBXFileReference; lastKnownFileType = folder.assetcatalog; path = Images.xcassets; sourceTree = "<group>"; };
		8194B86F194EDFC3005FDE51 /* UITableViewController Challenge SolutionTests.xctest */ = {isa = PBXFileReference; explicitFileType = wrapper.cfbundle; includeInIndex = 0; path = "UITableViewController Challenge SolutionTests.xctest"; sourceTree = BUILT_PRODUCTS_DIR; };
		8194B870194EDFC3005FDE51 /* XCTest.framework */ = {isa = PBXFileReference; lastKnownFileType = wrapper.framework; name = XCTest.framework; path = Library/Frameworks/XCTest.framework; sourceTree = DEVELOPER_DIR; };
		8194B878194EDFC3005FDE51 /* UITableViewController Challenge SolutionTests-Info.plist */ = {isa = PBXFileReference; lastKnownFileType = text.plist.xml; path = "UITableViewController Challenge SolutionTests-Info.plist"; sourceTree = "<group>"; };
		8194B87A194EDFC3005FDE51 /* en */ = {isa = PBXFileReference; lastKnownFileType = text.plist.strings; name = en; path = en.lproj/InfoPlist.strings; sourceTree = "<group>"; };
		8194B87C194EDFC3005FDE51 /* UITableViewController_Challenge_SolutionTests.m */ = {isa = PBXFileReference; lastKnownFileType = sourcecode.c.objc; path = UITableViewController_Challenge_SolutionTests.m; sourceTree = "<group>"; };
		8194B886194EE7BF005FDE51 /* LCChallengeTableViewController.h */ = {isa = PBXFileReference; fileEncoding = 4; lastKnownFileType = sourcecode.c.h; name = LCChallengeTableViewController.h; path = ../LCChallengeTableViewController.h; sourceTree = "<group>"; };
		8194B887194EE7BF005FDE51 /* LCChallengeTableViewController.m */ = {isa = PBXFileReference; fileEncoding = 4; lastKnownFileType = sourcecode.c.objc; name = LCChallengeTableViewController.m; path = ../LCChallengeTableViewController.m; sourceTree = "<group>"; };
/* End PBXFileReference section */

/* Begin PBXFrameworksBuildPhase section */
		8194B84B194EDFC3005FDE51 /* Frameworks */ = {
			isa = PBXFrameworksBuildPhase;
			buildActionMask = 2147483647;
			files = (
				8194B854194EDFC3005FDE51 /* CoreGraphics.framework in Frameworks */,
				8194B856194EDFC3005FDE51 /* UIKit.framework in Frameworks */,
				8194B852194EDFC3005FDE51 /* Foundation.framework in Frameworks */,
			);
			runOnlyForDeploymentPostprocessing = 0;
		};
		8194B86C194EDFC3005FDE51 /* Frameworks */ = {
			isa = PBXFrameworksBuildPhase;
			buildActionMask = 2147483647;
			files = (
				8194B871194EDFC3005FDE51 /* XCTest.framework in Frameworks */,
				8194B873194EDFC3005FDE51 /* UIKit.framework in Frameworks */,
				8194B872194EDFC3005FDE51 /* Foundation.framework in Frameworks */,
			);
			runOnlyForDeploymentPostprocessing = 0;
		};
/* End PBXFrameworksBuildPhase section */

/* Begin PBXGroup section */
		8194B845194EDFC3005FDE51 = {
			isa = PBXGroup;
			children = (
				8194B857194EDFC3005FDE51 /* UITableViewController Challenge Solution */,
				8194B876194EDFC3005FDE51 /* UITableViewController Challenge SolutionTests */,
				8194B850194EDFC3005FDE51 /* Frameworks */,
				8194B84F194EDFC3005FDE51 /* Products */,
			);
			sourceTree = "<group>";
		};
		8194B84F194EDFC3005FDE51 /* Products */ = {
			isa = PBXGroup;
			children = (
				8194B84E194EDFC3005FDE51 /* UITableViewController Challenge Solution.app */,
				8194B86F194EDFC3005FDE51 /* UITableViewController Challenge SolutionTests.xctest */,
			);
			name = Products;
			sourceTree = "<group>";
		};
		8194B850194EDFC3005FDE51 /* Frameworks */ = {
			isa = PBXGroup;
			children = (
				8194B851194EDFC3005FDE51 /* Foundation.framework */,
				8194B853194EDFC3005FDE51 /* CoreGraphics.framework */,
				8194B855194EDFC3005FDE51 /* UIKit.framework */,
				8194B870194EDFC3005FDE51 /* XCTest.framework */,
			);
			name = Frameworks;
			sourceTree = "<group>";
		};
		8194B857194EDFC3005FDE51 /* UITableViewController Challenge Solution */ = {
			isa = PBXGroup;
			children = (
				8194B886194EE7BF005FDE51 /* LCChallengeTableViewController.h */,
				8194B887194EE7BF005FDE51 /* LCChallengeTableViewController.m */,
				8194B860194EDFC3005FDE51 /* LCAppDelegate.h */,
				8194B861194EDFC3005FDE51 /* LCAppDelegate.m */,
				8194B863194EDFC3005FDE51 /* Main.storyboard */,
				8194B869194EDFC3005FDE51 /* Images.xcassets */,
				8194B858194EDFC3005FDE51 /* Supporting Files */,
			);
			path = "UITableViewController Challenge Solution";
			sourceTree = "<group>";
		};
		8194B858194EDFC3005FDE51 /* Supporting Files */ = {
			isa = PBXGroup;
			children = (
				8194B859194EDFC3005FDE51 /* UITableViewController Challenge Solution-Info.plist */,
				8194B85A194EDFC3005FDE51 /* InfoPlist.strings */,
				8194B85D194EDFC3005FDE51 /* main.m */,
				8194B85F194EDFC3005FDE51 /* UITableViewController Challenge Solution-Prefix.pch */,
			);
			name = "Supporting Files";
			sourceTree = "<group>";
		};
		8194B876194EDFC3005FDE51 /* UITableViewController Challenge SolutionTests */ = {
			isa = PBXGroup;
			children = (
				8194B87C194EDFC3005FDE51 /* UITableViewController_Challenge_SolutionTests.m */,
				8194B877194EDFC3005FDE51 /* Supporting Files */,
			);
			path = "UITableViewController Challenge SolutionTests";
			sourceTree = "<group>";
		};
		8194B877194EDFC3005FDE51 /* Supporting Files */ = {
			isa = PBXGroup;
			children = (
				8194B878194EDFC3005FDE51 /* UITableViewController Challenge SolutionTests-Info.plist */,
				8194B879194EDFC3005FDE51 /* InfoPlist.strings */,
			);
			name = "Supporting Files";
			sourceTree = "<group>";
		};
/* End PBXGroup section */

/* Begin PBXNativeTarget section */
		8194B84D194EDFC3005FDE51 /* UITableViewController Challenge Solution */ = {
			isa = PBXNativeTarget;
			buildConfigurationList = 8194B880194EDFC3005FDE51 /* Build configuration list for PBXNativeTarget "UITableViewController Challenge Solution" */;
			buildPhases = (
				8194B84A194EDFC3005FDE51 /* Sources */,
				8194B84B194EDFC3005FDE51 /* Frameworks */,
				8194B84C194EDFC3005FDE51 /* Resources */,
			);
			buildRules = (
			);
			dependencies = (
			);
			name = "UITableViewController Challenge Solution";
			productName = "UITableViewController Challenge Solution";
			productReference = 8194B84E194EDFC3005FDE51 /* UITableViewController Challenge Solution.app */;
			productType = "com.apple.product-type.application";
		};
		8194B86E194EDFC3005FDE51 /* UITableViewController Challenge SolutionTests */ = {
			isa = PBXNativeTarget;
			buildConfigurationList = 8194B883194EDFC3005FDE51 /* Build configuration list for PBXNativeTarget "UITableViewController Challenge SolutionTests" */;
			buildPhases = (
				8194B86B194EDFC3005FDE51 /* Sources */,
				8194B86C194EDFC3005FDE51 /* Frameworks */,
				8194B86D194EDFC3005FDE51 /* Resources */,
			);
			buildRules = (
			);
			dependencies = (
				8194B875194EDFC3005FDE51 /* PBXTargetDependency */,
			);
			name = "UITableViewController Challenge SolutionTests";
			productName = "UITableViewController Challenge SolutionTests";
			productReference = 8194B86F194EDFC3005FDE51 /* UITableViewController Challenge SolutionTests.xctest */;
			productType = "com.apple.product-type.bundle.unit-test";
		};
/* End PBXNativeTarget section */

/* Begin PBXProject section */
		8194B846194EDFC3005FDE51 /* Project object */ = {
			isa = PBXProject;
			attributes = {
				CLASSPREFIX = LC;
				LastUpgradeCheck = 0510;
				ORGANIZATIONNAME = ElleCi;
				TargetAttributes = {
					8194B86E194EDFC3005FDE51 = {
						TestTargetID = 8194B84D194EDFC3005FDE51;
					};
				};
			};
			buildConfigurationList = 8194B849194EDFC3005FDE51 /* Build configuration list for PBXProject "UITableViewController Challenge Solution" */;
			compatibilityVersion = "Xcode 3.2";
			developmentRegion = English;
			hasScannedForEncodings = 0;
			knownRegions = (
				en,
				Base,
			);
			mainGroup = 8194B845194EDFC3005FDE51;
			productRefGroup = 8194B84F194EDFC3005FDE51 /* Products */;
			projectDirPath = "";
			projectRoot = "";
			targets = (
				8194B84D194EDFC3005FDE51 /* UITableViewController Challenge Solution */,
				8194B86E194EDFC3005FDE51 /* UITableViewController Challenge SolutionTests */,
			);
		};
/* End PBXProject section */

/* Begin PBXResourcesBuildPhase section */
		8194B84C194EDFC3005FDE51 /* Resources */ = {
			isa = PBXResourcesBuildPhase;
			buildActionMask = 2147483647;
			files = (
				8194B86A194EDFC3005FDE51 /* Images.xcassets in Resources */,
				8194B85C194EDFC3005FDE51 /* InfoPlist.strings in Resources */,
				8194B865194EDFC3005FDE51 /* Main.storyboard in Resources */,
			);
			runOnlyForDeploymentPostprocessing = 0;
		};
		8194B86D194EDFC3005FDE51 /* Resources */ = {
			isa = PBXResourcesBuildPhase;
			buildActionMask = 2147483647;
			files = (
				8194B87B194EDFC3005FDE51 /* InfoPlist.strings in Resources */,
			);
			runOnlyForDeploymentPostprocessing = 0;
		};
/* End PBXResourcesBuildPhase section */

/* Begin PBXSourcesBuildPhase section */
		8194B84A194EDFC3005FDE51 /* Sources */ = {
			isa = PBXSourcesBuildPhase;
			buildActionMask = 2147483647;
			files = (
				8194B85E194EDFC3005FDE51 /* main.m in Sources */,
				8194B888194EE7BF005FDE51 /* LCChallengeTableViewController.m in Sources */,
				8194B862194EDFC3005FDE51 /* LCAppDelegate.m in Sources */,
			);
			runOnlyForDeploymentPostprocessing = 0;
		};
		8194B86B194EDFC3005FDE51 /* Sources */ = {
			isa = PBXSourcesBuildPhase;
			buildActionMask = 2147483647;
			files = (
				8194B87D194EDFC3005FDE51 /* UITableViewController_Challenge_SolutionTests.m in Sources */,
			);
			runOnlyForDeploymentPostprocessing = 0;
		};
/* End PBXSourcesBuildPhase section */

/* Begin PBXTargetDependency section */
		8194B875194EDFC3005FDE51 /* PBXTargetDependency */ = {
			isa = PBXTargetDependency;
			target = 8194B84D194EDFC3005FDE51 /* UITableViewController Challenge Solution */;
			targetProxy = 8194B874194EDFC3005FDE51 /* PBXContainerItemProxy */;
		};
/* End PBXTargetDependency section */

/* Begin PBXVariantGroup section */
		8194B85A194EDFC3005FDE51 /* InfoPlist.strings */ = {
			isa = PBXVariantGroup;
			children = (
				8194B85B194EDFC3005FDE51 /* en */,
			);
			name = InfoPlist.strings;
			sourceTree = "<group>";
		};
		8194B863194EDFC3005FDE51 /* Main.storyboard */ = {
			isa = PBXVariantGroup;
			children = (
				8194B864194EDFC3005FDE51 /* Base */,
			);
			name = Main.storyboard;
			sourceTree = "<group>";
		};
		8194B879194EDFC3005FDE51 /* InfoPlist.strings */ = {
			isa = PBXVariantGroup;
			children = (
				8194B87A194EDFC3005FDE51 /* en */,
			);
			name = InfoPlist.strings;
			sourceTree = "<group>";
		};
/* End PBXVariantGroup section */

/* Begin XCBuildConfiguration section */
		8194B87E194EDFC3005FDE51 /* Debug */ = {
			isa = XCBuildConfiguration;
			buildSettings = {
				ALWAYS_SEARCH_USER_PATHS = NO;
				CLANG_CXX_LANGUAGE_STANDARD = "gnu++0x";
				CLANG_CXX_LIBRARY = "libc++";
				CLANG_ENABLE_MODULES = YES;
				CLANG_ENABLE_OBJC_ARC = YES;
				CLANG_WARN_BOOL_CONVERSION = YES;
				CLANG_WARN_CONSTANT_CONVERSION = YES;
				CLANG_WARN_DIRECT_OBJC_ISA_USAGE = YES_ERROR;
				CLANG_WARN_EMPTY_BODY = YES;
				CLANG_WARN_ENUM_CONVERSION = YES;
				CLANG_WARN_INT_CONVERSION = YES;
				CLANG_WARN_OBJC_ROOT_CLASS = YES_ERROR;
				CLANG_WARN__DUPLICATE_METHOD_MATCH = YES;
				"CODE_SIGN_IDENTITY[sdk=iphoneos*]" = "iPhone Developer";
				COPY_PHASE_STRIP = NO;
				GCC_C_LANGUAGE_STANDARD = gnu99;
				GCC_DYNAMIC_NO_PIC = NO;
				GCC_OPTIMIZATION_LEVEL = 0;
				GCC_PREPROCESSOR_DEFINITIONS = (
					"DEBUG=1",
					"$(inherited)",
				);
				GCC_SYMBOLS_PRIVATE_EXTERN = NO;
				GCC_WARN_64_TO_32_BIT_CONVERSION = YES;
				GCC_WARN_ABOUT_RETURN_TYPE = YES_ERROR;
				GCC_WARN_UNDECLARED_SELECTOR = YES;
				GCC_WARN_UNINITIALIZED_AUTOS = YES_AGGRESSIVE;
				GCC_WARN_UNUSED_FUNCTION = YES;
				GCC_WARN_UNUSED_VARIABLE = YES;
				IPHONEOS_DEPLOYMENT_TARGET = 7.1;
				ONLY_ACTIVE_ARCH = YES;
				SDKROOT = iphoneos;
			};
			name = Debug;
		};
		8194B87F194EDFC3005FDE51 /* Release */ = {
			isa = XCBuildConfiguration;
			buildSettings = {
				ALWAYS_SEARCH_USER_PATHS = NO;
				CLANG_CXX_LANGUAGE_STANDARD = "gnu++0x";
				CLANG_CXX_LIBRARY = "libc++";
				CLANG_ENABLE_MODULES = YES;
				CLANG_ENABLE_OBJC_ARC = YES;
				CLANG_WARN_BOOL_CONVERSION = YES;
				CLANG_WARN_CONSTANT_CONVERSION = YES;
				CLANG_WARN_DIRECT_OBJC_ISA_USAGE = YES_ERROR;
				CLANG_WARN_EMPTY_BODY = YES;
				CLANG_WARN_ENUM_CONVERSION = YES;
				CLANG_WARN_INT_CONVERSION = YES;
				CLANG_WARN_OBJC_ROOT_CLASS = YES_ERROR;
				CLANG_WARN__DUPLICATE_METHOD_MATCH = YES;
				"CODE_SIGN_IDENTITY[sdk=iphoneos*]" = "iPhone Developer";
				COPY_PHASE_STRIP = YES;
				ENABLE_NS_ASSERTIONS = NO;
				GCC_C_LANGUAGE_STANDARD = gnu99;
				GCC_WARN_64_TO_32_BIT_CONVERSION = YES;
				GCC_WARN_ABOUT_RETURN_TYPE = YES_ERROR;
				GCC_WARN_UNDECLARED_SELECTOR = YES;
				GCC_WARN_UNINITIALIZED_AUTOS = YES_AGGRESSIVE;
				GCC_WARN_UNUSED_FUNCTION = YES;
				GCC_WARN_UNUSED_VARIABLE = YES;
				IPHONEOS_DEPLOYMENT_TARGET = 7.1;
				SDKROOT = iphoneos;
				VALIDATE_PRODUCT = YES;
			};
			name = Release;
		};
		8194B881194EDFC3005FDE51 /* Debug */ = {
			isa = XCBuildConfiguration;
			buildSettings = {
				ASSETCATALOG_COMPILER_APPICON_NAME = AppIcon;
				ASSETCATALOG_COMPILER_LAUNCHIMAGE_NAME = LaunchImage;
				GCC_PRECOMPILE_PREFIX_HEADER = YES;
				GCC_PREFIX_HEADER = "UITableViewController Challenge Solution/UITableViewController Challenge Solution-Prefix.pch";
				INFOPLIST_FILE = "UITableViewController Challenge Solution/UITableViewController Challenge Solution-Info.plist";
				PRODUCT_NAME = "$(TARGET_NAME)";
				WRAPPER_EXTENSION = app;
			};
			name = Debug;
		};
		8194B882194EDFC3005FDE51 /* Release */ = {
			isa = XCBuildConfiguration;
			buildSettings = {
				ASSETCATALOG_COMPILER_APPICON_NAME = AppIcon;
				ASSETCATALOG_COMPILER_LAUNCHIMAGE_NAME = LaunchImage;
				GCC_PRECOMPILE_PREFIX_HEADER = YES;
				GCC_PREFIX_HEADER = "UITableViewController Challenge Solution/UITableViewController Challenge Solution-Prefix.pch";
				INFOPLIST_FILE = "UITableViewController Challenge Solution/UITableViewController Challenge Solution-Info.plist";
				PRODUCT_NAME = "$(TARGET_NAME)";
				WRAPPER_EXTENSION = app;
			};
			name = Release;
		};
		8194B884194EDFC3005FDE51 /* Debug */ = {
			isa = XCBuildConfiguration;
			buildSettings = {
				BUNDLE_LOADER = "$(BUILT_PRODUCTS_DIR)/UITableViewController Challenge Solution.app/UITableViewController Challenge Solution";
				FRAMEWORK_SEARCH_PATHS = (
					"$(SDKROOT)/Developer/Library/Frameworks",
					"$(inherited)",
					"$(DEVELOPER_FRAMEWORKS_DIR)",
				);
				GCC_PRECOMPILE_PREFIX_HEADER = YES;
				GCC_PREFIX_HEADER = "UITableViewController Challenge Solution/UITableViewController Challenge Solution-Prefix.pch";
				GCC_PREPROCESSOR_DEFINITIONS = (
					"DEBUG=1",
					"$(inherited)",
				);
				INFOPLIST_FILE = "UITableViewController Challenge SolutionTests/UITableViewController Challenge SolutionTests-Info.plist";
				PRODUCT_NAME = "$(TARGET_NAME)";
				TEST_HOST = "$(BUNDLE_LOADER)";
				WRAPPER_EXTENSION = xctest;
			};
			name = Debug;
		};
		8194B885194EDFC3005FDE51 /* Release */ = {
			isa = XCBuildConfiguration;
			buildSettings = {
				BUNDLE_LOADER = "$(BUILT_PRODUCTS_DIR)/UITableViewController Challenge Solution.app/UITableViewController Challenge Solution";
				FRAMEWORK_SEARCH_PATHS = (
					"$(SDKROOT)/Developer/Library/Frameworks",
					"$(inherited)",
					"$(DEVELOPER_FRAMEWORKS_DIR)",
				);
				GCC_PRECOMPILE_PREFIX_HEADER = YES;
				GCC_PREFIX_HEADER = "UITableViewController Challenge Solution/UITableViewController Challenge Solution-Prefix.pch";
				INFOPLIST_FILE = "UITableViewController Challenge SolutionTests/UITableViewController Challenge SolutionTests-Info.plist";
				PRODUCT_NAME = "$(TARGET_NAME)";
				TEST_HOST = "$(BUNDLE_LOADER)";
				WRAPPER_EXTENSION = xctest;
			};
			name = Release;
		};
/* End XCBuildConfiguration section */

/* Begin XCConfigurationList section */
		8194B849194EDFC3005FDE51 /* Build configuration list for PBXProject "UITableViewController Challenge Solution" */ = {
			isa = XCConfigurationList;
			buildConfigurations = (
				8194B87E194EDFC3005FDE51 /* Debug */,
				8194B87F194EDFC3005FDE51 /* Release */,
			);
			defaultConfigurationIsVisible = 0;
			defaultConfigurationName = Release;
		};
		8194B880194EDFC3005FDE51 /* Build configuration list for PBXNativeTarget "UITableViewController Challenge Solution" */ = {
			isa = XCConfigurationList;
			buildConfigurations = (
				8194B881194EDFC3005FDE51 /* Debug */,
				8194B882194EDFC3005FDE51 /* Release */,
			);
			defaultConfigurationIsVisible = 0;
		};
		8194B883194EDFC3005FDE51 /* Build configuration list for PBXNativeTarget "UITableViewController Challenge SolutionTests" */ = {
			isa = XCConfigurationList;
			buildConfigurations = (
				8194B884194EDFC3005FDE51 /* Debug */,
				8194B885194EDFC3005FDE51 /* Release */,
			);
			defaultConfigurationIsVisible = 0;
		};
/* End XCConfigurationList section */
	};
	rootObject = 8194B846194EDFC3005FDE51 /* Project object */;
}
